{
  "requires": true,
  "lockfileVersion": 1,
  "dependencies": {
    "angularjs": {
      "version": "0.0.1",
      "resolved": "https://registry.npmjs.org/angularjs/-/angularjs-0.0.1.tgz",
      "integrity": "sha1-SW9QxxQVFedB6pdt6JHe8IOLPxk="
    },
    "lodash": {
      "version": "4.17.11",
      "resolved": "https://registry.npmjs.org/lodash/-/lodash-4.17.11.tgz",
      "integrity": "sha512-cQKh8igo5QUhZ7lg38DYWAxMvjSAKG0A8wGSVimP07SIUEK2UO+arSRKbRZWtelMtN5V0Hkwh5ryOto/SshYIg=="
    },
    "milligram": {
      "version": "1.3.0",
      "resolved": "https://registry.npmjs.org/milligram/-/milligram-1.3.0.tgz",
      "integrity": "sha1-pdmA746veTN8lqjXx+F2dkkxBCw=",
      "requires": {
        "normalize.css": "~5.0.0"
      },
      "dependencies": {
        "normalize.css": {
          "version": "5.0.0",
          "resolved": "https://registry.npmjs.org/normalize.css/-/normalize.css-5.0.0.tgz",
          "integrity": "sha1-fOyHXOgXilMzxN6Ato6pwYudfDc="
        }
      }
    },
    "normalize.css": {
      "version": "8.0.1",
      "resolved": "https://registry.npmjs.org/normalize.css/-/normalize.css-8.0.1.tgz",
      "integrity": "sha512-qizSNPO93t1YUuUhP22btGOo3chcvDFqFaj2TRybP0DMxkHOCTYwp3n34fel4a31ORXy4m1Xq0Gyqpb5m33qIg=="
    }
  }
}
